schema: '2.0'
stages:
  featurize:
    cmd: python featurize.py dataset features/preprocessed_ds.csv
    deps:
    - path: dataset
      hash: md5
      md5: 98072d07fc3adebfb04457def78e32ae.dir
      size: 29066993
      nfiles: 1
    - path: featurize.py
      hash: md5
      md5: 53a1832f9370b231719af0ec1bdc0d55
      size: 852
    params:
      params.yaml:
        featurize.max_sample: 1200
        featurize.min_df: 0.01
        featurize.pca_ratio: 0.95
    outs:
    - path: features/preprocessed_ds.csv
      hash: md5
      md5: 106ad1a347e1e297eb4f6121157597b4
      size: 547482
  train:
    cmd: python train.py features models/svc.joblib
    deps:
    - path: features
      hash: md5
      md5: 64711c2fca903f73502417b5ffbaa877.dir
      size: 547482
      nfiles: 1
    - path: train.py
      hash: md5
      md5: 7c58d9161383ab5875adb98a5711997c
      size: 611
    params:
      params.yaml:
        train.svc_kernel: rbf
        train.test_size: 0.3
    outs:
    - path: models/svc.joblib
      hash: md5
      md5: 0a183d24fae61267f2328d6e8b131a34
      size: 193647
  evaluate:
    cmd: python evaluate.py features/preprocessed_ds.csv models/svc.joblib
    deps:
    - path: evaluate.py
      hash: md5
      md5: 330fb8ffdbf62aa121cb1a35eb1a963f
      size: 1301
    - path: features/preprocessed_ds.csv
      hash: md5
      md5: 106ad1a347e1e297eb4f6121157597b4
      size: 547482
    - path: models/svc.joblib
      hash: md5
      md5: 0a183d24fae61267f2328d6e8b131a34
      size: 193647
    params:
      params.yaml:
        evaluate.test_size: 0.3
